
Microsoft Visual Studio Solution File, Format Version 12.00
# Visual Studio Version 17
VisualStudioVersion = 17.6.33723.286
MinimumVisualStudioVersion = 10.0.40219.1
Project("{2150E333-8FDC-42A3-9474-1A3956D46DE8}") = "src", "src", "{450E2AD7-1E2C-467F-B369-98831972642E}"
EndProject
Project("{2150E333-8FDC-42A3-9474-1A3956D46DE8}") = "Fronted", "Fronted", "{B05E5026-6161-4CD6-9696-ED2003B7C856}"
EndProject
Project("{2150E333-8FDC-42A3-9474-1A3956D46DE8}") = "test", "test", "{D4C79654-FECA-4D60-B17C-0D572A03B601}"
EndProject
Project("{2150E333-8FDC-42A3-9474-1A3956D46DE8}") = "App", "App", "{3869B9FC-154C-4041-BE84-6BD8B5ED6867}"
EndProject
Project("{2150E333-8FDC-42A3-9474-1A3956D46DE8}") = "libraries", "libraries", "{D3B4F432-0249-4680-95E8-706CBD35AE07}"
EndProject
Project("{2150E333-8FDC-42A3-9474-1A3956D46DE8}") = "Domain", "Domain", "{5ADD4964-922E-4E67-9CD9-28D5422DD5C3}"
EndProject
Project("{2150E333-8FDC-42A3-9474-1A3956D46DE8}") = "Infrastructure", "Infrastructure", "{B87A7924-0F79-4A14-8B12-74EA467F62EE}"
EndProject
Project("{FAE04EC0-301F-11D3-BF4B-00C04F79EFBC}") = "RoleBased.Model", "RoleBased.Model\RoleBased.Model.csproj", "{0E89EC38-7C22-479B-BB2D-B8F70B406B8F}"
EndProject
Project("{FAE04EC0-301F-11D3-BF4B-00C04F79EFBC}") = "Rolebased.Repository", "Rolebased.Repository\Rolebased.Repository.csproj", "{0E77B970-6AF1-413C-AB19-C1184A66D9F8}"
EndProject
Project("{FAE04EC0-301F-11D3-BF4B-00C04F79EFBC}") = "RoleBased.Shared", "RoleBased.Shared\RoleBased.Shared.csproj", "{D1B67D06-9BFD-4497-AEA6-31559ACD9DC2}"
EndProject
Project("{FAE04EC0-301F-11D3-BF4B-00C04F79EFBC}") = "RoleBased.BackEnd", "RoleBased.BackEnd\RoleBased.BackEnd.csproj", "{C811F5EC-09B3-4A64-9498-04339A060524}"
EndProject
Project("{FAE04EC0-301F-11D3-BF4B-00C04F79EFBC}") = "RoleBased.Core", "RoleBased.Core\RoleBased.Core.csproj", "{10D6D455-86D7-48A5-826E-A549884A3F17}"
EndProject
Project("{FAE04EC0-301F-11D3-BF4B-00C04F79EFBC}") = "RoleBased.Infrastructure", "RoleBased.Infrastructure\RoleBased.Infrastructure.csproj", "{65350EBC-2F54-4CA2-BC74-BC2BB3694F87}"
EndProject
Project("{FAE04EC0-301F-11D3-BF4B-00C04F79EFBC}") = "RoleBased.IoC.Configuration", "RoleBased.IoC.Configuration\RoleBased.IoC.Configuration.csproj", "{5E81E7F2-3060-494C-8D85-66B65353AF55}"
EndProject
Project("{FAE04EC0-301F-11D3-BF4B-00C04F79EFBC}") = "RoleBased.Service.Model", "RoleBased.Service.Model\RoleBased.Service.Model.csproj", "{43B2BC12-C4DE-41F8-9EEA-24B7835E6B10}"
EndProject
Global
	GlobalSection(SolutionConfigurationPlatforms) = preSolution
		Debug|Any CPU = Debug|Any CPU
		Release|Any CPU = Release|Any CPU
	EndGlobalSection
	GlobalSection(ProjectConfigurationPlatforms) = postSolution
		{0E89EC38-7C22-479B-BB2D-B8F70B406B8F}.Debug|Any CPU.ActiveCfg = Debug|Any CPU
		{0E89EC38-7C22-479B-BB2D-B8F70B406B8F}.Debug|Any CPU.Build.0 = Debug|Any CPU
		{0E89EC38-7C22-479B-BB2D-B8F70B406B8F}.Release|Any CPU.ActiveCfg = Release|Any CPU
		{0E89EC38-7C22-479B-BB2D-B8F70B406B8F}.Release|Any CPU.Build.0 = Release|Any CPU
		{0E77B970-6AF1-413C-AB19-C1184A66D9F8}.Debug|Any CPU.ActiveCfg = Debug|Any CPU
		{0E77B970-6AF1-413C-AB19-C1184A66D9F8}.Debug|Any CPU.Build.0 = Debug|Any CPU
		{0E77B970-6AF1-413C-AB19-C1184A66D9F8}.Release|Any CPU.ActiveCfg = Release|Any CPU
		{0E77B970-6AF1-413C-AB19-C1184A66D9F8}.Release|Any CPU.Build.0 = Release|Any CPU
		{D1B67D06-9BFD-4497-AEA6-31559ACD9DC2}.Debug|Any CPU.ActiveCfg = Debug|Any CPU
		{D1B67D06-9BFD-4497-AEA6-31559ACD9DC2}.Debug|Any CPU.Build.0 = Debug|Any CPU
		{D1B67D06-9BFD-4497-AEA6-31559ACD9DC2}.Release|Any CPU.ActiveCfg = Release|Any CPU
		{D1B67D06-9BFD-4497-AEA6-31559ACD9DC2}.Release|Any CPU.Build.0 = Release|Any CPU
		{C811F5EC-09B3-4A64-9498-04339A060524}.Debug|Any CPU.ActiveCfg = Debug|Any CPU
		{C811F5EC-09B3-4A64-9498-04339A060524}.Debug|Any CPU.Build.0 = Debug|Any CPU
		{C811F5EC-09B3-4A64-9498-04339A060524}.Release|Any CPU.ActiveCfg = Release|Any CPU
		{C811F5EC-09B3-4A64-9498-04339A060524}.Release|Any CPU.Build.0 = Release|Any CPU
		{10D6D455-86D7-48A5-826E-A549884A3F17}.Debug|Any CPU.ActiveCfg = Debug|Any CPU
		{10D6D455-86D7-48A5-826E-A549884A3F17}.Debug|Any CPU.Build.0 = Debug|Any CPU
		{10D6D455-86D7-48A5-826E-A549884A3F17}.Release|Any CPU.ActiveCfg = Release|Any CPU
		{10D6D455-86D7-48A5-826E-A549884A3F17}.Release|Any CPU.Build.0 = Release|Any CPU
		{65350EBC-2F54-4CA2-BC74-BC2BB3694F87}.Debug|Any CPU.ActiveCfg = Debug|Any CPU
		{65350EBC-2F54-4CA2-BC74-BC2BB3694F87}.Debug|Any CPU.Build.0 = Debug|Any CPU
		{65350EBC-2F54-4CA2-BC74-BC2BB3694F87}.Release|Any CPU.ActiveCfg = Release|Any CPU
		{65350EBC-2F54-4CA2-BC74-BC2BB3694F87}.Release|Any CPU.Build.0 = Release|Any CPU
		{5E81E7F2-3060-494C-8D85-66B65353AF55}.Debug|Any CPU.ActiveCfg = Debug|Any CPU
		{5E81E7F2-3060-494C-8D85-66B65353AF55}.Debug|Any CPU.Build.0 = Debug|Any CPU
		{5E81E7F2-3060-494C-8D85-66B65353AF55}.Release|Any CPU.ActiveCfg = Release|Any CPU
		{5E81E7F2-3060-494C-8D85-66B65353AF55}.Release|Any CPU.Build.0 = Release|Any CPU
		{43B2BC12-C4DE-41F8-9EEA-24B7835E6B10}.Debug|Any CPU.ActiveCfg = Debug|Any CPU
		{43B2BC12-C4DE-41F8-9EEA-24B7835E6B10}.Debug|Any CPU.Build.0 = Debug|Any CPU
		{43B2BC12-C4DE-41F8-9EEA-24B7835E6B10}.Release|Any CPU.ActiveCfg = Release|Any CPU
		{43B2BC12-C4DE-41F8-9EEA-24B7835E6B10}.Release|Any CPU.Build.0 = Release|Any CPU
	EndGlobalSection
	GlobalSection(SolutionProperties) = preSolution
		HideSolutionNode = FALSE
	EndGlobalSection
	GlobalSection(NestedProjects) = preSolution
		{3869B9FC-154C-4041-BE84-6BD8B5ED6867} = {450E2AD7-1E2C-467F-B369-98831972642E}
		{D3B4F432-0249-4680-95E8-706CBD35AE07} = {450E2AD7-1E2C-467F-B369-98831972642E}
		{5ADD4964-922E-4E67-9CD9-28D5422DD5C3} = {D3B4F432-0249-4680-95E8-706CBD35AE07}
		{B87A7924-0F79-4A14-8B12-74EA467F62EE} = {D3B4F432-0249-4680-95E8-706CBD35AE07}
		{0E89EC38-7C22-479B-BB2D-B8F70B406B8F} = {5ADD4964-922E-4E67-9CD9-28D5422DD5C3}
		{0E77B970-6AF1-413C-AB19-C1184A66D9F8} = {5ADD4964-922E-4E67-9CD9-28D5422DD5C3}
		{D1B67D06-9BFD-4497-AEA6-31559ACD9DC2} = {5ADD4964-922E-4E67-9CD9-28D5422DD5C3}
		{C811F5EC-09B3-4A64-9498-04339A060524} = {3869B9FC-154C-4041-BE84-6BD8B5ED6867}
		{10D6D455-86D7-48A5-826E-A549884A3F17} = {B87A7924-0F79-4A14-8B12-74EA467F62EE}
		{65350EBC-2F54-4CA2-BC74-BC2BB3694F87} = {B87A7924-0F79-4A14-8B12-74EA467F62EE}
		{5E81E7F2-3060-494C-8D85-66B65353AF55} = {B87A7924-0F79-4A14-8B12-74EA467F62EE}
		{43B2BC12-C4DE-41F8-9EEA-24B7835E6B10} = {B87A7924-0F79-4A14-8B12-74EA467F62EE}
	EndGlobalSection
	GlobalSection(ExtensibilityGlobals) = postSolution
		SolutionGuid = {E935C588-4C3F-4227-B530-A9ABA35B5489}
	EndGlobalSection
EndGlobal
